
Microsoft Visual Studio Solution File, Format Version 12.00
# Visual Studio Version 17
VisualStudioVersion = 17.3.32819.101
MinimumVisualStudioVersion = 10.0.40219.1
Project("{8BC9CEB8-8B4A-11D0-8D11-00A0C91BC942}") = "BinaryToDecimal", "BinaryToDecimal\BinaryToDecimal.vcxproj", "{DBAB8850-75E3-418B-AAEE-A321079B8039}"
EndProject
Global
	GlobalSection(SolutionConfigurationPlatforms) = preSolution
		Debug|x64 = Debug|x64
		Debug|x86 = Debug|x86
		Release|x64 = Release|x64
		Release|x86 = Release|x86
	EndGlobalSection
	GlobalSection(ProjectConfigurationPlatforms) = postSolution
		{DBAB8850-75E3-418B-AAEE-A321079B8039}.Debug|x64.ActiveCfg = Debug|x64
		{DBAB8850-75E3-418B-AAEE-A321079B8039}.Debug|x64.Build.0 = Debug|x64
		{DBAB8850-75E3-418B-AAEE-A321079B8039}.Debug|x86.ActiveCfg = Debug|Win32
		{DBAB8850-75E3-418B-AAEE-A321079B8039}.Debug|x86.Build.0 = Debug|Win32
		{DBAB8850-75E3-418B-AAEE-A321079B8039}.Release|x64.ActiveCfg = Release|x64
		{DBAB8850-75E3-418B-AAEE-A321079B8039}.Release|x64.Build.0 = Release|x64
		{DBAB8850-75E3-418B-AAEE-A321079B8039}.Release|x86.ActiveCfg = Release|Win32
		{DBAB8850-75E3-418B-AAEE-A321079B8039}.Release|x86.Build.0 = Release|Win32
	EndGlobalSection
	GlobalSection(SolutionProperties) = preSolution
		HideSolutionNode = FALSE
	EndGlobalSection
	GlobalSection(ExtensibilityGlobals) = postSolution
		SolutionGuid = {0772689C-54DB-4BC7-866A-FF4134765ABE}
	EndGlobalSection
EndGlobal
